
Microsoft Visual Studio Solution File, Format Version 12.00
# Visual Studio 2013
VisualStudioVersion = 12.0.30501.0
MinimumVisualStudioVersion = 10.0.40219.1
Project("{FAE04EC0-301F-11D3-BF4B-00C04F79EFBC}") = "Envoc.AzureLongRunningTask.Web", "Envoc.AzureLongRunningTask.Web\Envoc.AzureLongRunningTask.Web.csproj", "{77E0027A-9B62-4645-8D21-ED7D484398D9}"
EndProject
Project("{FAE04EC0-301F-11D3-BF4B-00C04F79EFBC}") = "Envoc.AzureLongRunningTask.Common", "Envoc.AzureLongRunningTask.Common\Envoc.AzureLongRunningTask.Common.csproj", "{0D72665E-7123-4ECE-ADBB-CF9DCB985286}"
EndProject
Project("{FAE04EC0-301F-11D3-BF4B-00C04F79EFBC}") = "Envoc.AzureLongRunningTask.AzureCommon", "Envoc.AzureLongRunningTask.AzureCommon\Envoc.AzureLongRunningTask.AzureCommon.csproj", "{49080633-47C0-4F41-A264-59F35B188EAA}"
EndProject
Global
	GlobalSection(SolutionConfigurationPlatforms) = preSolution
		Debug|Any CPU = Debug|Any CPU
		Release|Any CPU = Release|Any CPU
	EndGlobalSection
	GlobalSection(ProjectConfigurationPlatforms) = postSolution
		{77E0027A-9B62-4645-8D21-ED7D484398D9}.Debug|Any CPU.ActiveCfg = Debug|Any CPU
		{77E0027A-9B62-4645-8D21-ED7D484398D9}.Debug|Any CPU.Build.0 = Debug|Any CPU
		{77E0027A-9B62-4645-8D21-ED7D484398D9}.Release|Any CPU.ActiveCfg = Release|Any CPU
		{77E0027A-9B62-4645-8D21-ED7D484398D9}.Release|Any CPU.Build.0 = Release|Any CPU
		{0D72665E-7123-4ECE-ADBB-CF9DCB985286}.Debug|Any CPU.ActiveCfg = Debug|Any CPU
		{0D72665E-7123-4ECE-ADBB-CF9DCB985286}.Debug|Any CPU.Build.0 = Debug|Any CPU
		{0D72665E-7123-4ECE-ADBB-CF9DCB985286}.Release|Any CPU.ActiveCfg = Release|Any CPU
		{0D72665E-7123-4ECE-ADBB-CF9DCB985286}.Release|Any CPU.Build.0 = Release|Any CPU
		{49080633-47C0-4F41-A264-59F35B188EAA}.Debug|Any CPU.ActiveCfg = Debug|Any CPU
		{49080633-47C0-4F41-A264-59F35B188EAA}.Debug|Any CPU.Build.0 = Debug|Any CPU
		{49080633-47C0-4F41-A264-59F35B188EAA}.Release|Any CPU.ActiveCfg = Release|Any CPU
		{49080633-47C0-4F41-A264-59F35B188EAA}.Release|Any CPU.Build.0 = Release|Any CPU
	EndGlobalSection
	GlobalSection(SolutionProperties) = preSolution
		HideSolutionNode = FALSE
	EndGlobalSection
EndGlobal
